
Microsoft Visual Studio Solution File, Format Version 12.00
# Visual Studio Version 17
VisualStudioVersion = 17.13.35919.96
MinimumVisualStudioVersion = 10.0.40219.1
Project("{FAE04EC0-301F-11D3-BF4B-00C04F79EFBC}") = "PrestamoApp", "PrestamoApp.csproj", "{48B11985-D71A-4A45-8065-4CEE56979A7C}"
EndProject
Project("{2150E333-8FDC-42A3-9474-1A3956D46DE8}") = "Elementos de la solución", "Elementos de la solución", "{D107F4C8-89CC-BEA8-D3D7-CA6B7733353D}"
EndProject
Global
	GlobalSection(SolutionConfigurationPlatforms) = preSolution
		Android|Any CPU = Android|Any CPU
		Debug|Any CPU = Debug|Any CPU
		Release|Any CPU = Release|Any CPU
	EndGlobalSection
	GlobalSection(ProjectConfigurationPlatforms) = postSolution
		{48B11985-D71A-4A45-8065-4CEE56979A7C}.Android|Any CPU.ActiveCfg = Android|Any CPU
		{48B11985-D71A-4A45-8065-4CEE56979A7C}.Android|Any CPU.Build.0 = Android|Any CPU
		{48B11985-D71A-4A45-8065-4CEE56979A7C}.Android|Any CPU.Deploy.0 = Android|Any CPU
		{48B11985-D71A-4A45-8065-4CEE56979A7C}.Debug|Any CPU.ActiveCfg = Debug|Any CPU
		{48B11985-D71A-4A45-8065-4CEE56979A7C}.Debug|Any CPU.Build.0 = Debug|Any CPU
		{48B11985-D71A-4A45-8065-4CEE56979A7C}.Debug|Any CPU.Deploy.0 = Debug|Any CPU
		{48B11985-D71A-4A45-8065-4CEE56979A7C}.Release|Any CPU.ActiveCfg = Release|Any CPU
		{48B11985-D71A-4A45-8065-4CEE56979A7C}.Release|Any CPU.Build.0 = Release|Any CPU
		{48B11985-D71A-4A45-8065-4CEE56979A7C}.Release|Any CPU.Deploy.0 = Release|Any CPU
	EndGlobalSection
	GlobalSection(SolutionProperties) = preSolution
		HideSolutionNode = FALSE
	EndGlobalSection
	GlobalSection(ExtensibilityGlobals) = postSolution
		SolutionGuid = {88FBD542-B04C-4B81-96B4-CD9DB5CA8330}
	EndGlobalSection
EndGlobal
